
Microsoft Visual Studio Solution File, Format Version 12.00
# Visual Studio Version 16
VisualStudioVersion = 16.0.29418.71
MinimumVisualStudioVersion = 10.0.40219.1
Project("{2150E333-8FDC-42A3-9474-1A3956D46DE8}") = "Domain", "Domain", "{DCDB8FAA-3DAA-496D-B5C8-B2C53B8C3292}"
EndProject
Project("{FAE04EC0-301F-11D3-BF4B-00C04F79EFBC}") = "Core.Domain", "src\Core.Domain\Core.Domain.csproj", "{C32D029B-FAE1-4EDF-9359-CA2A5E512DC3}"
EndProject
Project("{2150E333-8FDC-42A3-9474-1A3956D46DE8}") = "Modulos", "Modulos", "{762184DA-6DF9-446E-871F-94EB7BD9A573}"
EndProject
Project("{FAE04EC0-301F-11D3-BF4B-00C04F79EFBC}") = "Sorteio", "src\Modulos\Sorteio\Sorteio.csproj", "{84E6CA73-9DA2-42BF-ACD1-97BBB25D0E76}"
EndProject
Global
	GlobalSection(SolutionConfigurationPlatforms) = preSolution
		Debug|Any CPU = Debug|Any CPU
		Release|Any CPU = Release|Any CPU
	EndGlobalSection
	GlobalSection(ProjectConfigurationPlatforms) = postSolution
		{C32D029B-FAE1-4EDF-9359-CA2A5E512DC3}.Debug|Any CPU.ActiveCfg = Debug|Any CPU
		{C32D029B-FAE1-4EDF-9359-CA2A5E512DC3}.Debug|Any CPU.Build.0 = Debug|Any CPU
		{C32D029B-FAE1-4EDF-9359-CA2A5E512DC3}.Release|Any CPU.ActiveCfg = Release|Any CPU
		{C32D029B-FAE1-4EDF-9359-CA2A5E512DC3}.Release|Any CPU.Build.0 = Release|Any CPU
		{84E6CA73-9DA2-42BF-ACD1-97BBB25D0E76}.Debug|Any CPU.ActiveCfg = Debug|Any CPU
		{84E6CA73-9DA2-42BF-ACD1-97BBB25D0E76}.Debug|Any CPU.Build.0 = Debug|Any CPU
		{84E6CA73-9DA2-42BF-ACD1-97BBB25D0E76}.Release|Any CPU.ActiveCfg = Release|Any CPU
		{84E6CA73-9DA2-42BF-ACD1-97BBB25D0E76}.Release|Any CPU.Build.0 = Release|Any CPU
	EndGlobalSection
	GlobalSection(SolutionProperties) = preSolution
		HideSolutionNode = FALSE
	EndGlobalSection
	GlobalSection(NestedProjects) = preSolution
		{C32D029B-FAE1-4EDF-9359-CA2A5E512DC3} = {DCDB8FAA-3DAA-496D-B5C8-B2C53B8C3292}
		{84E6CA73-9DA2-42BF-ACD1-97BBB25D0E76} = {762184DA-6DF9-446E-871F-94EB7BD9A573}
	EndGlobalSection
	GlobalSection(ExtensibilityGlobals) = postSolution
		SolutionGuid = {99F10A62-FDD6-490F-B5B1-F0E4240842FB}
	EndGlobalSection
EndGlobal
